Microsoft Visual Studio Solution File, Format Version 11.00
# Visual Studio 2008

Project("{33E3CAE1-B199-CF7A-A8C4-92514CC0E067}") = "LaunchTheBaby", "Assembly-CSharp.csproj", "{A64A480F-4734-9E1B-9AAE-085EF8B0B860}"
EndProject
Global
	GlobalSection(SolutionConfigurationPlatforms) = preSolution
		Debug|Any CPU = Debug|Any CPU
		Release|Any CPU = Release|Any CPU
	EndGlobalSection
	GlobalSection(ProjectConfigurationPlatforms) = postSolution
		{A64A480F-4734-9E1B-9AAE-085EF8B0B860}.Debug|Any CPU.ActiveCfg = Debug|Any CPU
		{A64A480F-4734-9E1B-9AAE-085EF8B0B860}.Debug|Any CPU.Build.0 = Debug|Any CPU
		{A64A480F-4734-9E1B-9AAE-085EF8B0B860}.Release|Any CPU.ActiveCfg = Release|Any CPU
		{A64A480F-4734-9E1B-9AAE-085EF8B0B860}.Release|Any CPU.Build.0 = Release|Any CPU
	EndGlobalSection
	GlobalSection(SolutionProperties) = preSolution
		HideSolutionNode = FALSE
	EndGlobalSection
	GlobalSection(MonoDevelopProperties) = preSolution
		StartupItem = Assembly-CSharp.csproj
	EndGlobalSection
EndGlobal
